
Microsoft Visual Studio Solution File, Format Version 12.00
# Visual Studio Version 17
VisualStudioVersion = 17.9.34902.65
MinimumVisualStudioVersion = 10.0.40219.1
Project("{9A19103F-16F7-4668-BE54-9A1E7A4F7556}") = "CourseService.API", "CourseService\CourseService.API\CourseService.API.csproj", "{7999E7CA-FE99-457E-8D3F-841E454AEF8D}"
EndProject
Project("{2150E333-8FDC-42A3-9474-1A3956D46DE8}") = "Solution Items", "Solution Items", "{7C0E26E9-133B-45BA-A472-F2888768E638}"
	ProjectSection(SolutionItems) = preProject
		docker-compose.yml = docker-compose.yml
	EndProjectSection
EndProject
Project("{9A19103F-16F7-4668-BE54-9A1E7A4F7556}") = "CourseService.Domain", "CourseService\CourseService.Domain\CourseService.Domain.csproj", "{07F32496-30C6-4C26-B681-8E30444ABDF3}"
EndProject
Project("{9A19103F-16F7-4668-BE54-9A1E7A4F7556}") = "CourseService.Application", "CourseService\CourseService.Application\CourseService.Application.csproj", "{EF2CDA2A-EA93-4CFC-A4E5-CAB1A97E09D4}"
EndProject
Project("{9A19103F-16F7-4668-BE54-9A1E7A4F7556}") = "CourseService.Infrastructure", "CourseService\CourseService.Infrastructure\CourseService.Infrastructure.csproj", "{1A38B9ED-42AA-4529-87A4-9D0D929F4DD1}"
EndProject
Project("{9A19103F-16F7-4668-BE54-9A1E7A4F7556}") = "Stellar.Shared", "Stellar.Shared\Stellar.Shared.csproj", "{6EFBAD40-D9D6-45EB-AB5D-5F740C5E159B}"
EndProject
Project("{2150E333-8FDC-42A3-9474-1A3956D46DE8}") = "UserService", "UserService", "{D37917DD-3BEF-44E7-BF33-49A8287CB174}"
EndProject
Project("{9A19103F-16F7-4668-BE54-9A1E7A4F7556}") = "UserService.Domain", "UserService\UserService.Domain\UserService.Domain.csproj", "{B0C4EEF0-8267-4889-AC75-98129101FDAA}"
EndProject
Project("{9A19103F-16F7-4668-BE54-9A1E7A4F7556}") = "UserService.Infrastructure", "UserService\UserService.Infrastructure\UserService.Infrastructure.csproj", "{BB44CFC1-B771-4950-B059-3C15F0F760CB}"
EndProject
Project("{9A19103F-16F7-4668-BE54-9A1E7A4F7556}") = "UserService.Application", "UserService\UserService.Application\UserService.Application.csproj", "{FD5AA006-8EAA-4D5D-A917-564F57D7DD99}"
EndProject
Project("{9A19103F-16F7-4668-BE54-9A1E7A4F7556}") = "UserService.API", "UserService\UserService.API\UserService.API.csproj", "{760AA71D-1088-4594-9AC1-49C068A0F022}"
EndProject
Project("{2150E333-8FDC-42A3-9474-1A3956D46DE8}") = "Gateway", "Gateway", "{C3EF7077-693B-48E4-A879-1665A0C2DAF3}"
EndProject
Project("{9A19103F-16F7-4668-BE54-9A1E7A4F7556}") = "APIGateway", "APIGateway\APIGateway.csproj", "{DF492D9E-1D57-4F41-821F-DB5E8243CFF6}"
EndProject
Project("{2150E333-8FDC-42A3-9474-1A3956D46DE8}") = "CourseService", "CourseService", "{52727218-8AB1-47E8-B987-F9226E6C59AC}"
EndProject
Project("{2150E333-8FDC-42A3-9474-1A3956D46DE8}") = "CategoryService", "CategoryService", "{B26B3EE4-3A65-46E6-A861-041AEDC7C9A3}"
EndProject
Project("{FAE04EC0-301F-11D3-BF4B-00C04F79EFBC}") = "CategoryService.Domain", "CategoryService\CategoryService.Domain\CategoryService.Domain.csproj", "{2A015BBE-43D7-4400-B350-123887EE1BC1}"
EndProject
Project("{FAE04EC0-301F-11D3-BF4B-00C04F79EFBC}") = "CategoryService.Application", "CategoryService\CategoryService.Application\CategoryService.Application.csproj", "{6F6A07A5-1DB6-4B7A-BB2B-B7E11040F1C5}"
EndProject
Project("{FAE04EC0-301F-11D3-BF4B-00C04F79EFBC}") = "CategoryService.Infrastructure", "CategoryService\CategoryService.Infrastructure\CategoryService.Infrastructure.csproj", "{094A1FBE-78EC-4C72-BFF7-3FAF9AF36AF4}"
EndProject
Project("{FAE04EC0-301F-11D3-BF4B-00C04F79EFBC}") = "CategoryService.API", "CategoryService\CategoryService.API\CategoryService.API.csproj", "{619B199A-2259-4DE9-9521-16E32A4B8E73}"
EndProject
Project("{2150E333-8FDC-42A3-9474-1A3956D46DE8}") = "ExaminationService", "ExaminationService", "{1A71BFF0-7B67-43A7-9297-CC709E243FFB}"
EndProject
Project("{FAE04EC0-301F-11D3-BF4B-00C04F79EFBC}") = "ExaminationService.Domain", "ExaminationService\ExaminationService.Domain\ExaminationService.Domain.csproj", "{FF0152BB-7507-4164-A608-758D532D6864}"
EndProject
Project("{FAE04EC0-301F-11D3-BF4B-00C04F79EFBC}") = "ExaminationService.Application", "ExaminationService\ExaminationService.Application\ExaminationService.Application.csproj", "{DA187100-F810-4843-A67F-CF1068DF10B9}"
EndProject
Project("{FAE04EC0-301F-11D3-BF4B-00C04F79EFBC}") = "ExaminationService.Infrastructure", "ExaminationService\ExaminationService.Infrastructure\ExaminationService.Infrastructure.csproj", "{E7A7870C-4155-4948-9FE8-BE8CE1D378C6}"
EndProject
Project("{FAE04EC0-301F-11D3-BF4B-00C04F79EFBC}") = "ExaminationService.API", "ExaminationService\ExaminationService.API\ExaminationService.API.csproj", "{0D76C90E-BDC0-4C53-A7E0-A2D4355CF973}"
EndProject
Project("{2150E333-8FDC-42A3-9474-1A3956D46DE8}") = "MediaService", "MediaService", "{08B00E6D-C528-48CC-A120-6C0F3CCA5C52}"
EndProject
Project("{FAE04EC0-301F-11D3-BF4B-00C04F79EFBC}") = "MediaService.Domain", "MediaService\MediaService.Domain\MediaService.Domain.csproj", "{9D59EA6A-16BD-48E9-B562-F01587EBFB92}"
EndProject
Project("{FAE04EC0-301F-11D3-BF4B-00C04F79EFBC}") = "MediaService.Application", "MediaService\MediaService.Application\MediaService.Application.csproj", "{6698A197-2B6D-4C23-B865-F93ABF655C65}"
EndProject
Project("{FAE04EC0-301F-11D3-BF4B-00C04F79EFBC}") = "MediaService.Infrastructure", "MediaService\MediaService.Infrastructure\MediaService.Infrastructure.csproj", "{9AA7CDF0-1480-4A29-A5B0-96BBAA39604C}"
EndProject
Project("{FAE04EC0-301F-11D3-BF4B-00C04F79EFBC}") = "MediaService.API", "MediaService\MediaService.API\MediaService.API.csproj", "{FC12808A-524F-489B-BC2D-05C3F5A17EA6}"
EndProject
Project("{2150E333-8FDC-42A3-9474-1A3956D46DE8}") = "NotificationService", "NotificationService", "{BE04A843-D05A-4BEB-A4F6-6111AE43A656}"
EndProject
Project("{FAE04EC0-301F-11D3-BF4B-00C04F79EFBC}") = "NotificationService.Domain", "NotificationService\NotificationService.Domain\NotificationService.Domain.csproj", "{338965ED-E3B9-44C6-BE1F-C107FC54A60C}"
EndProject
Project("{FAE04EC0-301F-11D3-BF4B-00C04F79EFBC}") = "NotificationService.Application", "NotificationService\NotificationService.Application\NotificationService.Application.csproj", "{C0CB6141-A61D-4E54-9425-F252B84C93E1}"
EndProject
Project("{FAE04EC0-301F-11D3-BF4B-00C04F79EFBC}") = "NotificationService.Infrastructure", "NotificationService\NotificationService.Infrastructure\NotificationService.Infrastructure.csproj", "{64935B42-5F94-41C0-BD3B-C67BE1FC0A8B}"
EndProject
Project("{FAE04EC0-301F-11D3-BF4B-00C04F79EFBC}") = "NotificationService.API", "NotificationService\NotificationService.API\NotificationService.API.csproj", "{BBC47933-68BE-4581-B985-A2434D439EFD}"
EndProject
Global
	GlobalSection(SolutionConfigurationPlatforms) = preSolution
		Debug|Any CPU = Debug|Any CPU
		Release|Any CPU = Release|Any CPU
	EndGlobalSection
	GlobalSection(ProjectConfigurationPlatforms) = postSolution
		{7999E7CA-FE99-457E-8D3F-841E454AEF8D}.Debug|Any CPU.ActiveCfg = Debug|Any CPU
		{7999E7CA-FE99-457E-8D3F-841E454AEF8D}.Debug|Any CPU.Build.0 = Debug|Any CPU
		{7999E7CA-FE99-457E-8D3F-841E454AEF8D}.Release|Any CPU.ActiveCfg = Release|Any CPU
		{7999E7CA-FE99-457E-8D3F-841E454AEF8D}.Release|Any CPU.Build.0 = Release|Any CPU
		{07F32496-30C6-4C26-B681-8E30444ABDF3}.Debug|Any CPU.ActiveCfg = Debug|Any CPU
		{07F32496-30C6-4C26-B681-8E30444ABDF3}.Debug|Any CPU.Build.0 = Debug|Any CPU
		{07F32496-30C6-4C26-B681-8E30444ABDF3}.Release|Any CPU.ActiveCfg = Release|Any CPU
		{07F32496-30C6-4C26-B681-8E30444ABDF3}.Release|Any CPU.Build.0 = Release|Any CPU
		{EF2CDA2A-EA93-4CFC-A4E5-CAB1A97E09D4}.Debug|Any CPU.ActiveCfg = Debug|Any CPU
		{EF2CDA2A-EA93-4CFC-A4E5-CAB1A97E09D4}.Debug|Any CPU.Build.0 = Debug|Any CPU
		{EF2CDA2A-EA93-4CFC-A4E5-CAB1A97E09D4}.Release|Any CPU.ActiveCfg = Release|Any CPU
		{EF2CDA2A-EA93-4CFC-A4E5-CAB1A97E09D4}.Release|Any CPU.Build.0 = Release|Any CPU
		{1A38B9ED-42AA-4529-87A4-9D0D929F4DD1}.Debug|Any CPU.ActiveCfg = Debug|Any CPU
		{1A38B9ED-42AA-4529-87A4-9D0D929F4DD1}.Debug|Any CPU.Build.0 = Debug|Any CPU
		{1A38B9ED-42AA-4529-87A4-9D0D929F4DD1}.Release|Any CPU.ActiveCfg = Release|Any CPU
		{1A38B9ED-42AA-4529-87A4-9D0D929F4DD1}.Release|Any CPU.Build.0 = Release|Any CPU
		{6EFBAD40-D9D6-45EB-AB5D-5F740C5E159B}.Debug|Any CPU.ActiveCfg = Debug|Any CPU
		{6EFBAD40-D9D6-45EB-AB5D-5F740C5E159B}.Debug|Any CPU.Build.0 = Debug|Any CPU
		{6EFBAD40-D9D6-45EB-AB5D-5F740C5E159B}.Release|Any CPU.ActiveCfg = Release|Any CPU
		{6EFBAD40-D9D6-45EB-AB5D-5F740C5E159B}.Release|Any CPU.Build.0 = Release|Any CPU
		{B0C4EEF0-8267-4889-AC75-98129101FDAA}.Debug|Any CPU.ActiveCfg = Debug|Any CPU
		{B0C4EEF0-8267-4889-AC75-98129101FDAA}.Debug|Any CPU.Build.0 = Debug|Any CPU
		{B0C4EEF0-8267-4889-AC75-98129101FDAA}.Release|Any CPU.ActiveCfg = Release|Any CPU
		{B0C4EEF0-8267-4889-AC75-98129101FDAA}.Release|Any CPU.Build.0 = Release|Any CPU
		{BB44CFC1-B771-4950-B059-3C15F0F760CB}.Debug|Any CPU.ActiveCfg = Debug|Any CPU
		{BB44CFC1-B771-4950-B059-3C15F0F760CB}.Debug|Any CPU.Build.0 = Debug|Any CPU
		{BB44CFC1-B771-4950-B059-3C15F0F760CB}.Release|Any CPU.ActiveCfg = Release|Any CPU
		{BB44CFC1-B771-4950-B059-3C15F0F760CB}.Release|Any CPU.Build.0 = Release|Any CPU
		{FD5AA006-8EAA-4D5D-A917-564F57D7DD99}.Debug|Any CPU.ActiveCfg = Debug|Any CPU
		{FD5AA006-8EAA-4D5D-A917-564F57D7DD99}.Debug|Any CPU.Build.0 = Debug|Any CPU
		{FD5AA006-8EAA-4D5D-A917-564F57D7DD99}.Release|Any CPU.ActiveCfg = Release|Any CPU
		{FD5AA006-8EAA-4D5D-A917-564F57D7DD99}.Release|Any CPU.Build.0 = Release|Any CPU
		{760AA71D-1088-4594-9AC1-49C068A0F022}.Debug|Any CPU.ActiveCfg = Debug|Any CPU
		{760AA71D-1088-4594-9AC1-49C068A0F022}.Debug|Any CPU.Build.0 = Debug|Any CPU
		{760AA71D-1088-4594-9AC1-49C068A0F022}.Release|Any CPU.ActiveCfg = Release|Any CPU
		{760AA71D-1088-4594-9AC1-49C068A0F022}.Release|Any CPU.Build.0 = Release|Any CPU
		{DF492D9E-1D57-4F41-821F-DB5E8243CFF6}.Debug|Any CPU.ActiveCfg = Debug|Any CPU
		{DF492D9E-1D57-4F41-821F-DB5E8243CFF6}.Debug|Any CPU.Build.0 = Debug|Any CPU
		{DF492D9E-1D57-4F41-821F-DB5E8243CFF6}.Release|Any CPU.ActiveCfg = Release|Any CPU
		{DF492D9E-1D57-4F41-821F-DB5E8243CFF6}.Release|Any CPU.Build.0 = Release|Any CPU
		{2A015BBE-43D7-4400-B350-123887EE1BC1}.Debug|Any CPU.ActiveCfg = Debug|Any CPU
		{2A015BBE-43D7-4400-B350-123887EE1BC1}.Debug|Any CPU.Build.0 = Debug|Any CPU
		{2A015BBE-43D7-4400-B350-123887EE1BC1}.Release|Any CPU.ActiveCfg = Release|Any CPU
		{2A015BBE-43D7-4400-B350-123887EE1BC1}.Release|Any CPU.Build.0 = Release|Any CPU
		{6F6A07A5-1DB6-4B7A-BB2B-B7E11040F1C5}.Debug|Any CPU.ActiveCfg = Debug|Any CPU
		{6F6A07A5-1DB6-4B7A-BB2B-B7E11040F1C5}.Debug|Any CPU.Build.0 = Debug|Any CPU
		{6F6A07A5-1DB6-4B7A-BB2B-B7E11040F1C5}.Release|Any CPU.ActiveCfg = Release|Any CPU
		{6F6A07A5-1DB6-4B7A-BB2B-B7E11040F1C5}.Release|Any CPU.Build.0 = Release|Any CPU
		{094A1FBE-78EC-4C72-BFF7-3FAF9AF36AF4}.Debug|Any CPU.ActiveCfg = Debug|Any CPU
		{094A1FBE-78EC-4C72-BFF7-3FAF9AF36AF4}.Debug|Any CPU.Build.0 = Debug|Any CPU
		{094A1FBE-78EC-4C72-BFF7-3FAF9AF36AF4}.Release|Any CPU.ActiveCfg = Release|Any CPU
		{094A1FBE-78EC-4C72-BFF7-3FAF9AF36AF4}.Release|Any CPU.Build.0 = Release|Any CPU
		{619B199A-2259-4DE9-9521-16E32A4B8E73}.Debug|Any CPU.ActiveCfg = Debug|Any CPU
		{619B199A-2259-4DE9-9521-16E32A4B8E73}.Debug|Any CPU.Build.0 = Debug|Any CPU
		{619B199A-2259-4DE9-9521-16E32A4B8E73}.Release|Any CPU.ActiveCfg = Release|Any CPU
		{619B199A-2259-4DE9-9521-16E32A4B8E73}.Release|Any CPU.Build.0 = Release|Any CPU
		{FF0152BB-7507-4164-A608-758D532D6864}.Debug|Any CPU.ActiveCfg = Debug|Any CPU
		{FF0152BB-7507-4164-A608-758D532D6864}.Debug|Any CPU.Build.0 = Debug|Any CPU
		{FF0152BB-7507-4164-A608-758D532D6864}.Release|Any CPU.ActiveCfg = Release|Any CPU
		{FF0152BB-7507-4164-A608-758D532D6864}.Release|Any CPU.Build.0 = Release|Any CPU
		{DA187100-F810-4843-A67F-CF1068DF10B9}.Debug|Any CPU.ActiveCfg = Debug|Any CPU
		{DA187100-F810-4843-A67F-CF1068DF10B9}.Debug|Any CPU.Build.0 = Debug|Any CPU
		{DA187100-F810-4843-A67F-CF1068DF10B9}.Release|Any CPU.ActiveCfg = Release|Any CPU
		{DA187100-F810-4843-A67F-CF1068DF10B9}.Release|Any CPU.Build.0 = Release|Any CPU
		{E7A7870C-4155-4948-9FE8-BE8CE1D378C6}.Debug|Any CPU.ActiveCfg = Debug|Any CPU
		{E7A7870C-4155-4948-9FE8-BE8CE1D378C6}.Debug|Any CPU.Build.0 = Debug|Any CPU
		{E7A7870C-4155-4948-9FE8-BE8CE1D378C6}.Release|Any CPU.ActiveCfg = Release|Any CPU
		{E7A7870C-4155-4948-9FE8-BE8CE1D378C6}.Release|Any CPU.Build.0 = Release|Any CPU
		{0D76C90E-BDC0-4C53-A7E0-A2D4355CF973}.Debug|Any CPU.ActiveCfg = Debug|Any CPU
		{0D76C90E-BDC0-4C53-A7E0-A2D4355CF973}.Debug|Any CPU.Build.0 = Debug|Any CPU
		{0D76C90E-BDC0-4C53-A7E0-A2D4355CF973}.Release|Any CPU.ActiveCfg = Release|Any CPU
		{0D76C90E-BDC0-4C53-A7E0-A2D4355CF973}.Release|Any CPU.Build.0 = Release|Any CPU
		{9D59EA6A-16BD-48E9-B562-F01587EBFB92}.Debug|Any CPU.ActiveCfg = Debug|Any CPU
		{9D59EA6A-16BD-48E9-B562-F01587EBFB92}.Debug|Any CPU.Build.0 = Debug|Any CPU
		{9D59EA6A-16BD-48E9-B562-F01587EBFB92}.Release|Any CPU.ActiveCfg = Release|Any CPU
		{9D59EA6A-16BD-48E9-B562-F01587EBFB92}.Release|Any CPU.Build.0 = Release|Any CPU
		{6698A197-2B6D-4C23-B865-F93ABF655C65}.Debug|Any CPU.ActiveCfg = Debug|Any CPU
		{6698A197-2B6D-4C23-B865-F93ABF655C65}.Debug|Any CPU.Build.0 = Debug|Any CPU
		{6698A197-2B6D-4C23-B865-F93ABF655C65}.Release|Any CPU.ActiveCfg = Release|Any CPU
		{6698A197-2B6D-4C23-B865-F93ABF655C65}.Release|Any CPU.Build.0 = Release|Any CPU
		{9AA7CDF0-1480-4A29-A5B0-96BBAA39604C}.Debug|Any CPU.ActiveCfg = Debug|Any CPU
		{9AA7CDF0-1480-4A29-A5B0-96BBAA39604C}.Debug|Any CPU.Build.0 = Debug|Any CPU
		{9AA7CDF0-1480-4A29-A5B0-96BBAA39604C}.Release|Any CPU.ActiveCfg = Release|Any CPU
		{9AA7CDF0-1480-4A29-A5B0-96BBAA39604C}.Release|Any CPU.Build.0 = Release|Any CPU
		{FC12808A-524F-489B-BC2D-05C3F5A17EA6}.Debug|Any CPU.ActiveCfg = Debug|Any CPU
		{FC12808A-524F-489B-BC2D-05C3F5A17EA6}.Debug|Any CPU.Build.0 = Debug|Any CPU
		{FC12808A-524F-489B-BC2D-05C3F5A17EA6}.Release|Any CPU.ActiveCfg = Release|Any CPU
		{FC12808A-524F-489B-BC2D-05C3F5A17EA6}.Release|Any CPU.Build.0 = Release|Any CPU
		{338965ED-E3B9-44C6-BE1F-C107FC54A60C}.Debug|Any CPU.ActiveCfg = Debug|Any CPU
		{338965ED-E3B9-44C6-BE1F-C107FC54A60C}.Debug|Any CPU.Build.0 = Debug|Any CPU
		{338965ED-E3B9-44C6-BE1F-C107FC54A60C}.Release|Any CPU.ActiveCfg = Release|Any CPU
		{338965ED-E3B9-44C6-BE1F-C107FC54A60C}.Release|Any CPU.Build.0 = Release|Any CPU
		{C0CB6141-A61D-4E54-9425-F252B84C93E1}.Debug|Any CPU.ActiveCfg = Debug|Any CPU
		{C0CB6141-A61D-4E54-9425-F252B84C93E1}.Debug|Any CPU.Build.0 = Debug|Any CPU
		{C0CB6141-A61D-4E54-9425-F252B84C93E1}.Release|Any CPU.ActiveCfg = Release|Any CPU
		{C0CB6141-A61D-4E54-9425-F252B84C93E1}.Release|Any CPU.Build.0 = Release|Any CPU
		{64935B42-5F94-41C0-BD3B-C67BE1FC0A8B}.Debug|Any CPU.ActiveCfg = Debug|Any CPU
		{64935B42-5F94-41C0-BD3B-C67BE1FC0A8B}.Debug|Any CPU.Build.0 = Debug|Any CPU
		{64935B42-5F94-41C0-BD3B-C67BE1FC0A8B}.Release|Any CPU.ActiveCfg = Release|Any CPU
		{64935B42-5F94-41C0-BD3B-C67BE1FC0A8B}.Release|Any CPU.Build.0 = Release|Any CPU
		{BBC47933-68BE-4581-B985-A2434D439EFD}.Debug|Any CPU.ActiveCfg = Debug|Any CPU
		{BBC47933-68BE-4581-B985-A2434D439EFD}.Debug|Any CPU.Build.0 = Debug|Any CPU
		{BBC47933-68BE-4581-B985-A2434D439EFD}.Release|Any CPU.ActiveCfg = Release|Any CPU
		{BBC47933-68BE-4581-B985-A2434D439EFD}.Release|Any CPU.Build.0 = Release|Any CPU
	EndGlobalSection
	GlobalSection(SolutionProperties) = preSolution
		HideSolutionNode = FALSE
	EndGlobalSection
	GlobalSection(NestedProjects) = preSolution
		{7999E7CA-FE99-457E-8D3F-841E454AEF8D} = {52727218-8AB1-47E8-B987-F9226E6C59AC}
		{07F32496-30C6-4C26-B681-8E30444ABDF3} = {52727218-8AB1-47E8-B987-F9226E6C59AC}
		{EF2CDA2A-EA93-4CFC-A4E5-CAB1A97E09D4} = {52727218-8AB1-47E8-B987-F9226E6C59AC}
		{1A38B9ED-42AA-4529-87A4-9D0D929F4DD1} = {52727218-8AB1-47E8-B987-F9226E6C59AC}
		{B0C4EEF0-8267-4889-AC75-98129101FDAA} = {D37917DD-3BEF-44E7-BF33-49A8287CB174}
		{BB44CFC1-B771-4950-B059-3C15F0F760CB} = {D37917DD-3BEF-44E7-BF33-49A8287CB174}
		{FD5AA006-8EAA-4D5D-A917-564F57D7DD99} = {D37917DD-3BEF-44E7-BF33-49A8287CB174}
		{760AA71D-1088-4594-9AC1-49C068A0F022} = {D37917DD-3BEF-44E7-BF33-49A8287CB174}
		{DF492D9E-1D57-4F41-821F-DB5E8243CFF6} = {C3EF7077-693B-48E4-A879-1665A0C2DAF3}
		{2A015BBE-43D7-4400-B350-123887EE1BC1} = {B26B3EE4-3A65-46E6-A861-041AEDC7C9A3}
		{6F6A07A5-1DB6-4B7A-BB2B-B7E11040F1C5} = {B26B3EE4-3A65-46E6-A861-041AEDC7C9A3}
		{094A1FBE-78EC-4C72-BFF7-3FAF9AF36AF4} = {B26B3EE4-3A65-46E6-A861-041AEDC7C9A3}
		{619B199A-2259-4DE9-9521-16E32A4B8E73} = {B26B3EE4-3A65-46E6-A861-041AEDC7C9A3}
		{FF0152BB-7507-4164-A608-758D532D6864} = {1A71BFF0-7B67-43A7-9297-CC709E243FFB}
		{DA187100-F810-4843-A67F-CF1068DF10B9} = {1A71BFF0-7B67-43A7-9297-CC709E243FFB}
		{E7A7870C-4155-4948-9FE8-BE8CE1D378C6} = {1A71BFF0-7B67-43A7-9297-CC709E243FFB}
		{0D76C90E-BDC0-4C53-A7E0-A2D4355CF973} = {1A71BFF0-7B67-43A7-9297-CC709E243FFB}
		{9D59EA6A-16BD-48E9-B562-F01587EBFB92} = {08B00E6D-C528-48CC-A120-6C0F3CCA5C52}
		{6698A197-2B6D-4C23-B865-F93ABF655C65} = {08B00E6D-C528-48CC-A120-6C0F3CCA5C52}
		{9AA7CDF0-1480-4A29-A5B0-96BBAA39604C} = {08B00E6D-C528-48CC-A120-6C0F3CCA5C52}
		{FC12808A-524F-489B-BC2D-05C3F5A17EA6} = {08B00E6D-C528-48CC-A120-6C0F3CCA5C52}
		{338965ED-E3B9-44C6-BE1F-C107FC54A60C} = {BE04A843-D05A-4BEB-A4F6-6111AE43A656}
		{C0CB6141-A61D-4E54-9425-F252B84C93E1} = {BE04A843-D05A-4BEB-A4F6-6111AE43A656}
		{64935B42-5F94-41C0-BD3B-C67BE1FC0A8B} = {BE04A843-D05A-4BEB-A4F6-6111AE43A656}
		{BBC47933-68BE-4581-B985-A2434D439EFD} = {BE04A843-D05A-4BEB-A4F6-6111AE43A656}
	EndGlobalSection
	GlobalSection(ExtensibilityGlobals) = postSolution
		SolutionGuid = {FC6BFA63-9514-4AE6-8020-5D57858CAA07}
	EndGlobalSection
EndGlobal
